
Microsoft Visual Studio Solution File, Format Version 12.00
# Visual Studio Version 17
VisualStudioVersion = 17.8.34330.188
MinimumVisualStudioVersion = 10.0.40219.1
Project("{FAE04EC0-301F-11D3-BF4B-00C04F79EFBC}") = "web-api", "web-api.csproj", "{04633C8A-6570-4360-91FB-5CE19DBC8A16}"
EndProject
Project("{FAE04EC0-301F-11D3-BF4B-00C04F79EFBC}") = "thirdparty-api", "..\thirdparty-api\thirdparty-api.csproj", "{6C4308BA-463B-423C-8A84-33EE31DA74B1}"
EndProject
Project("{FAE04EC0-301F-11D3-BF4B-00C04F79EFBC}") = "helper-sql", "..\SQLHelper\helper-sql.csproj", "{7DADE403-A5E4-46A5-ABDB-353FAC8B6960}"
EndProject
Global
	GlobalSection(SolutionConfigurationPlatforms) = preSolution
		Debug|Any CPU = Debug|Any CPU
		Release|Any CPU = Release|Any CPU
	EndGlobalSection
	GlobalSection(ProjectConfigurationPlatforms) = postSolution
		{04633C8A-6570-4360-91FB-5CE19DBC8A16}.Debug|Any CPU.ActiveCfg = Debug|Any CPU
		{04633C8A-6570-4360-91FB-5CE19DBC8A16}.Debug|Any CPU.Build.0 = Debug|Any CPU
		{04633C8A-6570-4360-91FB-5CE19DBC8A16}.Release|Any CPU.ActiveCfg = Release|Any CPU
		{04633C8A-6570-4360-91FB-5CE19DBC8A16}.Release|Any CPU.Build.0 = Release|Any CPU
		{6C4308BA-463B-423C-8A84-33EE31DA74B1}.Debug|Any CPU.ActiveCfg = Debug|Any CPU
		{6C4308BA-463B-423C-8A84-33EE31DA74B1}.Debug|Any CPU.Build.0 = Debug|Any CPU
		{6C4308BA-463B-423C-8A84-33EE31DA74B1}.Release|Any CPU.ActiveCfg = Release|Any CPU
		{6C4308BA-463B-423C-8A84-33EE31DA74B1}.Release|Any CPU.Build.0 = Release|Any CPU
		{7DADE403-A5E4-46A5-ABDB-353FAC8B6960}.Debug|Any CPU.ActiveCfg = Debug|Any CPU
		{7DADE403-A5E4-46A5-ABDB-353FAC8B6960}.Debug|Any CPU.Build.0 = Debug|Any CPU
		{7DADE403-A5E4-46A5-ABDB-353FAC8B6960}.Release|Any CPU.ActiveCfg = Release|Any CPU
		{7DADE403-A5E4-46A5-ABDB-353FAC8B6960}.Release|Any CPU.Build.0 = Release|Any CPU
	EndGlobalSection
	GlobalSection(SolutionProperties) = preSolution
		HideSolutionNode = FALSE
	EndGlobalSection
	GlobalSection(ExtensibilityGlobals) = postSolution
		SolutionGuid = {55377E0A-E14C-4052-93F2-6302D89BE3A4}
	EndGlobalSection
EndGlobal
